
Microsoft Visual Studio Solution File, Format Version 12.00
# Visual Studio 15
Project("{FAE04EC0-301F-11D3-BF4B-00C04F79EFBC}") = "MyProjectxyz", "MyProjectxyz.csproj", "{C8B5E49D-27AD-4CE9-BEED-0F43D1293F80}"
EndProject
Global
	GlobalSection(SolutionConfigurationPlatforms) = preSolution
		Debug|x86 = Debug|x86
		Release|x86 = Release|x86
	EndGlobalSection
	GlobalSection(ProjectConfigurationPlatforms) = postSolution
		{C8B5E49D-27AD-4CE9-BEED-0F43D1293F80}.Debug|x86.ActiveCfg = Debug|x86
		{C8B5E49D-27AD-4CE9-BEED-0F43D1293F80}.Debug|x86.Build.0 = Debug|x86
		{C8B5E49D-27AD-4CE9-BEED-0F43D1293F80}.Release|x86.ActiveCfg = Release|x86
		{C8B5E49D-27AD-4CE9-BEED-0F43D1293F80}.Release|x86.Build.0 = Release|x86
	EndGlobalSection
EndGlobal
